{
  "name": "test",
  "version": "1.0.0",
  "lockfileVersion": 1,
  "requires": true,
  "dependencies": {
    "@baidu/xbox": {
      "version": "1.2.29",
      "resolved": "http://registry.npm.baidu-int.com/@baidu%2fxbox/-/xbox-1.2.29.tgz",
      "integrity": "sha512-biVt2QMakqAhcexOOf7sTkU9+oJbmLsUhcV5Dj+ZMLINNfRmteZwE15F+nOl9cZA1A/2ydAVPxLOo9K6Bw3faA=="
    }
  }
}
