{
  "name": "@bit/bit.envs.common.create-workspace",
  "version": "0.0.10",
  "lockfileVersion": 1,
  "requires": true,
  "dependencies": {
    "@types/mocha": {
      "version": "5.2.7",
      "resolved": "https://registry.npmjs.org/@types/mocha/-/mocha-5.2.7.tgz",
      "integrity": "sha512-NYrtPht0wGzhwe9+/idPaBB+TqkY9AhTvOLMkThm0IoEfLaiVQZwBwyJ5puCkO3AUCWrmcoePjp2mbFocKy4SQ==",
      "dev": true
    },
    "@types/node": {
      "version": "12.12.44",
      "resolved": "https://registry.npmjs.org/@types/node/-/node-12.12.44.tgz",
      "integrity": "sha512-jM6QVv0Sm5d3nW+nUD5jSzPcO6oPqboitSNcwgBay9hifVq/Rauq1PYnROnsmuw45JMBiTnsPAno0bKu2e2xrg==",
      "dev": true
    },
    "minimist": {
      "version": "0.0.8",
      "resolved": "https://registry.npmjs.org/minimist/-/minimist-0.0.8.tgz",
      "integrity": "sha1-hX/Kv8M5fSYluCKCYuhqp6ARsF0="
    },
    "mkdirp": {
      "version": "0.5.1",
      "resolved": "https://registry.npmjs.org/mkdirp/-/mkdirp-0.5.1.tgz",
      "integrity": "sha1-MAV0OOrGz3+MR2fzhkjWaX11yQM=",
      "requires": {
        "minimist": "0.0.8"
      }
    }
  }
}
